Microsoft Visual Studio Solution File, Format Version 12.00
# Visual Studio Version 17
VisualStudioVersion = 17.5.2.0
MinimumVisualStudioVersion = 10.0.40219.1
Project("{FAE04EC0-301F-11D3-BF4B-00C04F79EFBC}") = "ProductTrackerBot", "ProductTrackerBot\ProductTrackerBot.csproj", "{D0724063-B048-FC58-12D9-751D603B6961}"
EndProject
Project("{FAE04EC0-301F-11D3-BF4B-00C04F79EFBC}") = "ProductTrackerBot.Tests", "ProductTrackerBot.Tests\ProductTrackerBot.Tests.csproj", "{D3D55EC0-AA35-4FAF-A3C5-A05DFF7DA57A}"
EndProject
Project("{FAE04EC0-301F-11D3-BF4B-00C04F79EFBC}") = "ProductTrackerBot.Web", "ProductTrackerBot.Web\ProductTrackerBot.Web.csproj", "{A43A1307-8A81-4D1D-ACEE-FEADD54F6531}"
EndProject
Project("{FAE04EC0-301F-11D3-BF4B-00C04F79EFBC}") = "ProductTrackerBot.Web.Tests.E2E", "ProductTrackerBot.Web.Tests.E2E\ProductTrackerBot.Web.Tests.E2E.csproj", "{AC105510-D896-40CF-8B19-04D6C3D122F3}"
EndProject
Global
	GlobalSection(SolutionConfigurationPlatforms) = preSolution
		Debug|Any CPU = Debug|Any CPU
		Release|Any CPU = Release|Any CPU
	EndGlobalSection
	GlobalSection(ProjectConfigurationPlatforms) = postSolution
		{D0724063-B048-FC58-12D9-751D603B6961}.Debug|Any CPU.ActiveCfg = Debug|Any CPU
		{D0724063-B048-FC58-12D9-751D603B6961}.Debug|Any CPU.Build.0 = Debug|Any CPU
		{D0724063-B048-FC58-12D9-751D603B6961}.Release|Any CPU.ActiveCfg = Release|Any CPU
		{D0724063-B048-FC58-12D9-751D603B6961}.Release|Any CPU.Build.0 = Release|Any CPU
		{D3D55EC0-AA35-4FAF-A3C5-A05DFF7DA57A}.Debug|Any CPU.ActiveCfg = Debug|Any CPU
		{D3D55EC0-AA35-4FAF-A3C5-A05DFF7DA57A}.Debug|Any CPU.Build.0 = Debug|Any CPU
		{D3D55EC0-AA35-4FAF-A3C5-A05DFF7DA57A}.Release|Any CPU.ActiveCfg = Release|Any CPU
		{D3D55EC0-AA35-4FAF-A3C5-A05DFF7DA57A}.Release|Any CPU.Build.0 = Release|Any CPU
		{A43A1307-8A81-4D1D-ACEE-FEADD54F6531}.Debug|Any CPU.ActiveCfg = Debug|Any CPU
		{A43A1307-8A81-4D1D-ACEE-FEADD54F6531}.Debug|Any CPU.Build.0 = Debug|Any CPU
		{A43A1307-8A81-4D1D-ACEE-FEADD54F6531}.Release|Any CPU.ActiveCfg = Release|Any CPU
		{A43A1307-8A81-4D1D-ACEE-FEADD54F6531}.Release|Any CPU.Build.0 = Release|Any CPU
		{AC105510-D896-40CF-8B19-04D6C3D122F3}.Debug|Any CPU.ActiveCfg = Debug|Any CPU
		{AC105510-D896-40CF-8B19-04D6C3D122F3}.Debug|Any CPU.Build.0 = Debug|Any CPU
		{AC105510-D896-40CF-8B19-04D6C3D122F3}.Release|Any CPU.ActiveCfg = Release|Any CPU
		{AC105510-D896-40CF-8B19-04D6C3D122F3}.Release|Any CPU.Build.0 = Release|Any CPU
	EndGlobalSection
	GlobalSection(SolutionProperties) = preSolution
		HideSolutionNode = FALSE
	EndGlobalSection
	GlobalSection(ExtensibilityGlobals) = postSolution
		SolutionGuid = {EFC02D12-5ABD-4332-A9CB-99FE5C178C06}
	EndGlobalSection
EndGlobal
